
Microsoft Visual Studio Solution File, Format Version 10.00
# Visual C# Express 2008
Project("{FAE04EC0-301F-11D3-BF4B-00C04F79EFBC}") = "Rpp IDE", "Rpp IDE\Rpp IDE.csproj", "{4BE2915A-C05E-49A0-9672-2E89E0229059}"
EndProject
Global
	GlobalSection(SolutionConfigurationPlatforms) = preSolution
		Debug|Any CPU = Debug|Any CPU
		Release|Any CPU = Release|Any CPU
	EndGlobalSection
	GlobalSection(ProjectConfigurationPlatforms) = postSolution
		{4BE2915A-C05E-49A0-9672-2E89E0229059}.Debug|Any CPU.ActiveCfg = Debug|Any CPU
		{4BE2915A-C05E-49A0-9672-2E89E0229059}.Debug|Any CPU.Build.0 = Debug|Any CPU
		{4BE2915A-C05E-49A0-9672-2E89E0229059}.Release|Any CPU.ActiveCfg = Release|Any CPU
		{4BE2915A-C05E-49A0-9672-2E89E0229059}.Release|Any CPU.Build.0 = Release|Any CPU
	EndGlobalSection
	GlobalSection(SolutionProperties) = preSolution
		HideSolutionNode = FALSE
	EndGlobalSection
EndGlobal
